// !$*UTF8*$!
{
	archiveVersion = 1;
	classes = {
	};
	objectVersion = 46;
	objects = {

/* Begin PBXBuildFile section */
		2E37E5D91717A0510033982C /* AppDelegate.m in Sources */ = {isa = PBXBuildFile; fileRef = 2E37E5D81717A0510033982C /* AppDelegate.m */; };
		2E37E6071717A71A0033982C /* FLTerrianTileSetEditor.m in Sources */ = {isa = PBXBuildFile; fileRef = 2E37E6051717A71A0033982C /* FLTerrianTileSetEditor.m */; };
		2E37E6081717A71A0033982C /* FLTerrianTileSetEditor.xib in Resources */ = {isa = PBXBuildFile; fileRef = 2E37E6061717A71A0033982C /* FLTerrianTileSetEditor.xib */; };
		2E37E60D1717A89A0033982C /* FLObjectTileSetEditor.m in Sources */ = {isa = PBXBuildFile; fileRef = 2E37E60B1717A89A0033982C /* FLObjectTileSetEditor.m */; };
		2E37E60E1717A89A0033982C /* FLObjectTileSetEditor.xib in Resources */ = {isa = PBXBuildFile; fileRef = 2E37E60C1717A89A0033982C /* FLObjectTileSetEditor.xib */; };
		2E37E6111717B1560033982C /* FLTerrainTile.m in Sources */ = {isa = PBXBuildFile; fileRef = 2E37E6101717B1550033982C /* FLTerrainTile.m */; };
		2E37E6141717B3EC0033982C /* FLTerrianTileSet.m in Sources */ = {isa = PBXBuildFile; fileRef = 2E37E6131717B3EC0033982C /* FLTerrianTileSet.m */; };
		2E37E6181717B4E50033982C /* FLTerrianTileSetModel.xcdatamodeld in Sources */ = {isa = PBXBuildFile; fileRef = 2E37E6161717B4E50033982C /* FLTerrianTileSetModel.xcdatamodeld */; };
		2E4637EB1712AA4A00EA1888 /* Cocoa.framework in Frameworks */ = {isa = PBXBuildFile; fileRef = 2E4637EA1712AA4A00EA1888 /* Cocoa.framework */; };
		2E4637F51712AA4A00EA1888 /* InfoPlist.strings in Resources */ = {isa = PBXBuildFile; fileRef = 2E4637F31712AA4A00EA1888 /* InfoPlist.strings */; };
		2E4637F71712AA4A00EA1888 /* main.m in Sources */ = {isa = PBXBuildFile; fileRef = 2E4637F61712AA4A00EA1888 /* main.m */; };
		2E4637FB1712AA4A00EA1888 /* Credits.rtf in Resources */ = {isa = PBXBuildFile; fileRef = 2E4637F91712AA4A00EA1888 /* Credits.rtf */; };
		2E4637FE1712AA4A00EA1888 /* FLDocument.m in Sources */ = {isa = PBXBuildFile; fileRef = 2E4637FD1712AA4A00EA1888 /* FLDocument.m */; };
		2E4638011712AA4A00EA1888 /* FLDocument.xib in Resources */ = {isa = PBXBuildFile; fileRef = 2E4637FF1712AA4A00EA1888 /* FLDocument.xib */; };
		2E4638041712AA4A00EA1888 /* MainMenu.xib in Resources */ = {isa = PBXBuildFile; fileRef = 2E4638021712AA4A00EA1888 /* MainMenu.xib */; };
		2E46380C1712B49100EA1888 /* FLMap.m in Sources */ = {isa = PBXBuildFile; fileRef = 2E46380B1712B49100EA1888 /* FLMap.m */; };
		2E46380F1712BCA300EA1888 /* FLMapLayer.m in Sources */ = {isa = PBXBuildFile; fileRef = 2E46380E1712BCA200EA1888 /* FLMapLayer.m */; };
		2E4638121712C17B00EA1888 /* FLMapView.m in Sources */ = {isa = PBXBuildFile; fileRef = 2E4638111712C17B00EA1888 /* FLMapView.m */; };
		2E7C07EB1713ABFB004BA8A0 /* NSTextField+Additions.m in Sources */ = {isa = PBXBuildFile; fileRef = 2E7C07EA1713ABFB004BA8A0 /* NSTextField+Additions.m */; };
		2E7C07EF1713B300004BA8A0 /* FLMapGridView.m in Sources */ = {isa = PBXBuildFile; fileRef = 2E7C07EE1713B300004BA8A0 /* FLMapGridView.m */; };
		2E7C07F21713B509004BA8A0 /* FLUtils.m in Sources */ = {isa = PBXBuildFile; fileRef = 2E7C07F11713B509004BA8A0 /* FLUtils.m */; };
		2E7C082D17154F66004BA8A0 /* FLMapLayerItem.m in Sources */ = {isa = PBXBuildFile; fileRef = 2E7C082B17154F66004BA8A0 /* FLMapLayerItem.m */; };
		2E7C082E17154F66004BA8A0 /* FLMapLayerItem.xib in Resources */ = {isa = PBXBuildFile; fileRef = 2E7C082C17154F66004BA8A0 /* FLMapLayerItem.xib */; };
		2EA26B7C171BEC15001E9584 /* FLTerrianTilePropertyEditor.m in Sources */ = {isa = PBXBuildFile; fileRef = 2EA26B7A171BEC14001E9584 /* FLTerrianTilePropertyEditor.m */; };
		2EA26B7D171BEC15001E9584 /* FLTerrianTilePropertyEditor.xib in Resources */ = {isa = PBXBuildFile; fileRef = 2EA26B7B171BEC14001E9584 /* FLTerrianTilePropertyEditor.xib */; };
		2EA26B84171CE700001E9584 /* FLTerrianTileItem.m in Sources */ = {isa = PBXBuildFile; fileRef = 2EA26B82171CE6FF001E9584 /* FLTerrianTileItem.m */; };
		2EA26B85171CE700001E9584 /* FLTerrianTileItem.xib in Resources */ = {isa = PBXBuildFile; fileRef = 2EA26B83171CE700001E9584 /* FLTerrianTileItem.xib */; };
		2EFB43C117165D5800CC376E /* FLTileSet.m in Sources */ = {isa = PBXBuildFile; fileRef = 2EFB43C017165D5800CC376E /* FLTileSet.m */; };
		2EFB43CE1716A65500CC376E /* NSScrollView+Additions.m in Sources */ = {isa = PBXBuildFile; fileRef = 2EFB43CD1716A65500CC376E /* NSScrollView+Additions.m */; };
		2EFB43D11716A77A00CC376E /* NSDictionary+JSONAddition.m in Sources */ = {isa = PBXBuildFile; fileRef = 2EFB43D01716A77A00CC376E /* NSDictionary+JSONAddition.m */; };
		2EFB43D41716C13B00CC376E /* FLObjectSet.m in Sources */ = {isa = PBXBuildFile; fileRef = 2EFB43D31716C13B00CC376E /* FLObjectSet.m */; };
		2EFB43D71716C16600CC376E /* FLSpriteSet.m in Sources */ = {isa = PBXBuildFile; fileRef = 2EFB43D61716C16600CC376E /* FLSpriteSet.m */; };
/* End PBXBuildFile section */

/* Begin PBXFileReference section */
		2E37E5D71717A0510033982C /* AppDelegate.h */ = {isa = PBXFileReference; fileEncoding = 4; lastKnownFileType = sourcecode.c.h; path = AppDelegate.h; sourceTree = "<group>"; };
		2E37E5D81717A0510033982C /* AppDelegate.m */ = {isa = PBXFileReference; fileEncoding = 4; lastKnownFileType = sourcecode.c.objc; path = AppDelegate.m; sourceTree = "<group>"; };
		2E37E6041717A71A0033982C /* FLTerrianTileSetEditor.h */ = {isa = PBXFileReference; fileEncoding = 4; lastKnownFileType = sourcecode.c.h; path = FLTerrianTileSetEditor.h; sourceTree = "<group>"; };
		2E37E6051717A71A0033982C /* FLTerrianTileSetEditor.m */ = {isa = PBXFileReference; fileEncoding = 4; lastKnownFileType = sourcecode.c.objc; path = FLTerrianTileSetEditor.m; sourceTree = "<group>"; };
		2E37E6061717A71A0033982C /* FLTerrianTileSetEditor.xib */ = {isa = PBXFileReference; fileEncoding = 4; lastKnownFileType = file.xib; path = FLTerrianTileSetEditor.xib; sourceTree = "<group>"; };
		2E37E60A1717A89A0033982C /* FLObjectTileSetEditor.h */ = {isa = PBXFileReference; fileEncoding = 4; lastKnownFileType = sourcecode.c.h; path = FLObjectTileSetEditor.h; sourceTree = "<group>"; };
		2E37E60B1717A89A0033982C /* FLObjectTileSetEditor.m */ = {isa = PBXFileReference; fileEncoding = 4; lastKnownFileType = sourcecode.c.objc; path = FLObjectTileSetEditor.m; sourceTree = "<group>"; };
		2E37E60C1717A89A0033982C /* FLObjectTileSetEditor.xib */ = {isa = PBXFileReference; fileEncoding = 4; lastKnownFileType = file.xib; path = FLObjectTileSetEditor.xib; sourceTree = "<group>"; };
		2E37E60F1717B1550033982C /* FLTerrainTile.h */ = {isa = PBXFileReference; fileEncoding = 4; lastKnownFileType = sourcecode.c.h; path = FLTerrainTile.h; sourceTree = "<group>"; };
		2E37E6101717B1550033982C /* FLTerrainTile.m */ = {isa = PBXFileReference; fileEncoding = 4; lastKnownFileType = sourcecode.c.objc; path = FLTerrainTile.m; sourceTree = "<group>"; };
		2E37E6121717B3EC0033982C /* FLTerrianTileSet.h */ = {isa = PBXFileReference; fileEncoding = 4; lastKnownFileType = sourcecode.c.h; path = FLTerrianTileSet.h; sourceTree = "<group>"; };
		2E37E6131717B3EC0033982C /* FLTerrianTileSet.m */ = {isa = PBXFileReference; fileEncoding = 4; lastKnownFileType = sourcecode.c.objc; path = FLTerrianTileSet.m; sourceTree = "<group>"; };
		2E37E6171717B4E50033982C /* FLTerrianTileSetModel.xcdatamodel */ = {isa = PBXFileReference; lastKnownFileType = wrapper.xcdatamodel; path = FLTerrianTileSetModel.xcdatamodel; sourceTree = "<group>"; };
		2E4637E71712AA4A00EA1888 /* FLMapEditor.app */ = {isa = PBXFileReference; explicitFileType = wrapper.application; includeInIndex = 0; path = FLMapEditor.app; sourceTree = BUILT_PRODUCTS_DIR; };
		2E4637EA1712AA4A00EA1888 /* Cocoa.framework */ = {isa = PBXFileReference; lastKnownFileType = wrapper.framework; name = Cocoa.framework; path = System/Library/Frameworks/Cocoa.framework; sourceTree = SDKROOT; };
		2E4637ED1712AA4A00EA1888 /* AppKit.framework */ = {isa = PBXFileReference; lastKnownFileType = wrapper.framework; name = AppKit.framework; path = System/Library/Frameworks/AppKit.framework; sourceTree = SDKROOT; };
		2E4637EE1712AA4A00EA1888 /* CoreData.framework */ = {isa = PBXFileReference; lastKnownFileType = wrapper.framework; name = CoreData.framework; path = System/Library/Frameworks/CoreData.framework; sourceTree = SDKROOT; };
		2E4637EF1712AA4A00EA1888 /* Foundation.framework */ = {isa = PBXFileReference; lastKnownFileType = wrapper.framework; name = Foundation.framework; path = System/Library/Frameworks/Foundation.framework; sourceTree = SDKROOT; };
		2E4637F21712AA4A00EA1888 /* FLMapEditor-Info.plist */ = {isa = PBXFileReference; lastKnownFileType = text.plist.xml; path = "FLMapEditor-Info.plist"; sourceTree = "<group>"; };
		2E4637F41712AA4A00EA1888 /* en */ = {isa = PBXFileReference; lastKnownFileType = text.plist.strings; name = en; path = en.lproj/InfoPlist.strings; sourceTree = "<group>"; };
		2E4637F61712AA4A00EA1888 /* main.m */ = {isa = PBXFileReference; lastKnownFileType = sourcecode.c.objc; path = main.m; sourceTree = "<group>"; };
		2E4637F81712AA4A00EA1888 /* FLMapEditor-Prefix.pch */ = {isa = PBXFileReference; lastKnownFileType = sourcecode.c.h; path = "FLMapEditor-Prefix.pch"; sourceTree = "<group>"; };
		2E4637FA1712AA4A00EA1888 /* en */ = {isa = PBXFileReference; lastKnownFileType = text.rtf; name = en; path = en.lproj/Credits.rtf; sourceTree = "<group>"; };
		2E4637FC1712AA4A00EA1888 /* FLDocument.h */ = {isa = PBXFileReference; lastKnownFileType = sourcecode.c.h; path = FLDocument.h; sourceTree = "<group>"; };
		2E4637FD1712AA4A00EA1888 /* FLDocument.m */ = {isa = PBXFileReference; lastKnownFileType = sourcecode.c.objc; path = FLDocument.m; sourceTree = "<group>"; };
		2E4638001712AA4A00EA1888 /* en */ = {isa = PBXFileReference; lastKnownFileType = file.xib; name = en; path = en.lproj/FLDocument.xib; sourceTree = "<group>"; };
		2E4638031712AA4A00EA1888 /* en */ = {isa = PBXFileReference; lastKnownFileType = file.xib; name = en; path = en.lproj/MainMenu.xib; sourceTree = "<group>"; };
		2E46380A1712B49100EA1888 /* FLMap.h */ = {isa = PBXFileReference; fileEncoding = 4; lastKnownFileType = sourcecode.c.h; path = FLMap.h; sourceTree = "<group>"; };
		2E46380B1712B49100EA1888 /* FLMap.m */ = {isa = PBXFileReference; fileEncoding = 4; lastKnownFileType = sourcecode.c.objc; path = FLMap.m; sourceTree = "<group>"; };
		2E46380D1712BCA200EA1888 /* FLMapLayer.h */ = {isa = PBXFileReference; fileEncoding = 4; lastKnownFileType = sourcecode.c.h; path = FLMapLayer.h; sourceTree = "<group>"; };
		2E46380E1712BCA200EA1888 /* FLMapLayer.m */ = {isa = PBXFileReference; fileEncoding = 4; lastKnownFileType = sourcecode.c.objc; path = FLMapLayer.m; sourceTree = "<group>"; };
		2E4638101712C17B00EA1888 /* FLMapView.h */ = {isa = PBXFileReference; fileEncoding = 4; lastKnownFileType = sourcecode.c.h; path = FLMapView.h; sourceTree = "<group>"; };
		2E4638111712C17B00EA1888 /* FLMapView.m */ = {isa = PBXFileReference; fileEncoding = 4; lastKnownFileType = sourcecode.c.objc; path = FLMapView.m; sourceTree = "<group>"; };
		2E7C07E91713ABFB004BA8A0 /* NSTextField+Additions.h */ = {isa = PBXFileReference; fileEncoding = 4; lastKnownFileType = sourcecode.c.h; path = "NSTextField+Additions.h"; sourceTree = "<group>"; };
		2E7C07EA1713ABFB004BA8A0 /* NSTextField+Additions.m */ = {isa = PBXFileReference; fileEncoding = 4; lastKnownFileType = sourcecode.c.objc; path = "NSTextField+Additions.m"; sourceTree = "<group>"; };
		2E7C07ED1713B300004BA8A0 /* FLMapGridView.h */ = {isa = PBXFileReference; fileEncoding = 4; lastKnownFileType = sourcecode.c.h; path = FLMapGridView.h; sourceTree = "<group>"; };
		2E7C07EE1713B300004BA8A0 /* FLMapGridView.m */ = {isa = PBXFileReference; fileEncoding = 4; lastKnownFileType = sourcecode.c.objc; path = FLMapGridView.m; sourceTree = "<group>"; };
		2E7C07F01713B509004BA8A0 /* FLUtils.h */ = {isa = PBXFileReference; fileEncoding = 4; lastKnownFileType = sourcecode.c.h; path = FLUtils.h; sourceTree = "<group>"; };
		2E7C07F11713B509004BA8A0 /* FLUtils.m */ = {isa = PBXFileReference; fileEncoding = 4; lastKnownFileType = sourcecode.c.objc; path = FLUtils.m; sourceTree = "<group>"; };
		2E7C082A17154F66004BA8A0 /* FLMapLayerItem.h */ = {isa = PBXFileReference; fileEncoding = 4; lastKnownFileType = sourcecode.c.h; path = FLMapLayerItem.h; sourceTree = "<group>"; };
		2E7C082B17154F66004BA8A0 /* FLMapLayerItem.m */ = {isa = PBXFileReference; fileEncoding = 4; lastKnownFileType = sourcecode.c.objc; path = FLMapLayerItem.m; sourceTree = "<group>"; };
		2E7C082C17154F66004BA8A0 /* FLMapLayerItem.xib */ = {isa = PBXFileReference; fileEncoding = 4; lastKnownFileType = file.xib; path = FLMapLayerItem.xib; sourceTree = "<group>"; };
		2EA26B79171BEC14001E9584 /* FLTerrianTilePropertyEditor.h */ = {isa = PBXFileReference; fileEncoding = 4; lastKnownFileType = sourcecode.c.h; path = FLTerrianTilePropertyEditor.h; sourceTree = "<group>"; };
		2EA26B7A171BEC14001E9584 /* FLTerrianTilePropertyEditor.m */ = {isa = PBXFileReference; fileEncoding = 4; lastKnownFileType = sourcecode.c.objc; path = FLTerrianTilePropertyEditor.m; sourceTree = "<group>"; };
		2EA26B7B171BEC14001E9584 /* FLTerrianTilePropertyEditor.xib */ = {isa = PBXFileReference; fileEncoding = 4; lastKnownFileType = file.xib; path = FLTerrianTilePropertyEditor.xib; sourceTree = "<group>"; };
		2EA26B81171CE6FF001E9584 /* FLTerrianTileItem.h */ = {isa = PBXFileReference; fileEncoding = 4; lastKnownFileType = sourcecode.c.h; path = FLTerrianTileItem.h; sourceTree = "<group>"; };
		2EA26B82171CE6FF001E9584 /* FLTerrianTileItem.m */ = {isa = PBXFileReference; fileEncoding = 4; lastKnownFileType = sourcecode.c.objc; path = FLTerrianTileItem.m; sourceTree = "<group>"; };
		2EA26B83171CE700001E9584 /* FLTerrianTileItem.xib */ = {isa = PBXFileReference; fileEncoding = 4; lastKnownFileType = file.xib; path = FLTerrianTileItem.xib; sourceTree = "<group>"; };
		2EFB43BF17165D5800CC376E /* FLTileSet.h */ = {isa = PBXFileReference; fileEncoding = 4; lastKnownFileType = sourcecode.c.h; path = FLTileSet.h; sourceTree = "<group>"; };
		2EFB43C017165D5800CC376E /* FLTileSet.m */ = {isa = PBXFileReference; fileEncoding = 4; lastKnownFileType = sourcecode.c.objc; path = FLTileSet.m; sourceTree = "<group>"; };
		2EFB43CC1716A65500CC376E /* NSScrollView+Additions.h */ = {isa = PBXFileReference; fileEncoding = 4; lastKnownFileType = sourcecode.c.h; path = "NSScrollView+Additions.h"; sourceTree = "<group>"; };
		2EFB43CD1716A65500CC376E /* NSScrollView+Additions.m */ = {isa = PBXFileReference; fileEncoding = 4; lastKnownFileType = sourcecode.c.objc; path = "NSScrollView+Additions.m"; sourceTree = "<group>"; };
		2EFB43CF1716A77A00CC376E /* NSDictionary+JSONAddition.h */ = {isa = PBXFileReference; fileEncoding = 4; lastKnownFileType = sourcecode.c.h; path = "NSDictionary+JSONAddition.h"; sourceTree = "<group>"; };
		2EFB43D01716A77A00CC376E /* NSDictionary+JSONAddition.m */ = {isa = PBXFileReference; fileEncoding = 4; lastKnownFileType = sourcecode.c.objc; path = "NSDictionary+JSONAddition.m"; sourceTree = "<group>"; };
		2EFB43D21716C13B00CC376E /* FLObjectSet.h */ = {isa = PBXFileReference; fileEncoding = 4; lastKnownFileType = sourcecode.c.h; path = FLObjectSet.h; sourceTree = "<group>"; };
		2EFB43D31716C13B00CC376E /* FLObjectSet.m */ = {isa = PBXFileReference; fileEncoding = 4; lastKnownFileType = sourcecode.c.objc; path = FLObjectSet.m; sourceTree = "<group>"; };
		2EFB43D51716C16600CC376E /* FLSpriteSet.h */ = {isa = PBXFileReference; fileEncoding = 4; lastKnownFileType = sourcecode.c.h; path = FLSpriteSet.h; sourceTree = "<group>"; };
		2EFB43D61716C16600CC376E /* FLSpriteSet.m */ = {isa = PBXFileReference; fileEncoding = 4; lastKnownFileType = sourcecode.c.objc; path = FLSpriteSet.m; sourceTree = "<group>"; };
/* End PBXFileReference section */

/* Begin PBXFrameworksBuildPhase section */
		2E4637E41712AA4A00EA1888 /* Frameworks */ = {
			isa = PBXFrameworksBuildPhase;
			buildActionMask = 2147483647;
			files = (
				2E4637EB1712AA4A00EA1888 /* Cocoa.framework in Frameworks */,
			);
			runOnlyForDeploymentPostprocessing = 0;
		};
/* End PBXFrameworksBuildPhase section */

/* Begin PBXGroup section */
		2E37E6031717A6C60033982C /* TopographyTileSetEditor */ = {
			isa = PBXGroup;
			children = (
				2E37E60F1717B1550033982C /* FLTerrainTile.h */,
				2E37E6101717B1550033982C /* FLTerrainTile.m */,
				2EA26B81171CE6FF001E9584 /* FLTerrianTileItem.h */,
				2EA26B82171CE6FF001E9584 /* FLTerrianTileItem.m */,
				2EA26B83171CE700001E9584 /* FLTerrianTileItem.xib */,
				2E37E6121717B3EC0033982C /* FLTerrianTileSet.h */,
				2E37E6131717B3EC0033982C /* FLTerrianTileSet.m */,
				2E37E6041717A71A0033982C /* FLTerrianTileSetEditor.h */,
				2E37E6051717A71A0033982C /* FLTerrianTileSetEditor.m */,
				2E37E6061717A71A0033982C /* FLTerrianTileSetEditor.xib */,
				2EA26B79171BEC14001E9584 /* FLTerrianTilePropertyEditor.h */,
				2EA26B7A171BEC14001E9584 /* FLTerrianTilePropertyEditor.m */,
				2EA26B7B171BEC14001E9584 /* FLTerrianTilePropertyEditor.xib */,
			);
			name = TopographyTileSetEditor;
			sourceTree = "<group>";
		};
		2E37E6091717A86E0033982C /* FLObjectTileSetEditor */ = {
			isa = PBXGroup;
			children = (
				2E37E60A1717A89A0033982C /* FLObjectTileSetEditor.h */,
				2E37E60B1717A89A0033982C /* FLObjectTileSetEditor.m */,
				2E37E60C1717A89A0033982C /* FLObjectTileSetEditor.xib */,
			);
			name = FLObjectTileSetEditor;
			sourceTree = "<group>";
		};
		2E37E6151717B4B50033982C /* CoreDataModel */ = {
			isa = PBXGroup;
			children = (
				2E37E6161717B4E50033982C /* FLTerrianTileSetModel.xcdatamodeld */,
			);
			name = CoreDataModel;
			sourceTree = "<group>";
		};
		2E4637DE1712AA4A00EA1888 = {
			isa = PBXGroup;
			children = (
				2E4637F01712AA4A00EA1888 /* FLMapEditor */,
				2E4637E91712AA4A00EA1888 /* Frameworks */,
				2E4637E81712AA4A00EA1888 /* Products */,
			);
			sourceTree = "<group>";
		};
		2E4637E81712AA4A00EA1888 /* Products */ = {
			isa = PBXGroup;
			children = (
				2E4637E71712AA4A00EA1888 /* FLMapEditor.app */,
			);
			name = Products;
			sourceTree = "<group>";
		};
		2E4637E91712AA4A00EA1888 /* Frameworks */ = {
			isa = PBXGroup;
			children = (
				2E4637EA1712AA4A00EA1888 /* Cocoa.framework */,
				2E4637EC1712AA4A00EA1888 /* Other Frameworks */,
			);
			name = Frameworks;
			sourceTree = "<group>";
		};
		2E4637EC1712AA4A00EA1888 /* Other Frameworks */ = {
			isa = PBXGroup;
			children = (
				2E4637ED1712AA4A00EA1888 /* AppKit.framework */,
				2E4637EE1712AA4A00EA1888 /* CoreData.framework */,
				2E4637EF1712AA4A00EA1888 /* Foundation.framework */,
			);
			name = "Other Frameworks";
			sourceTree = "<group>";
		};
		2E4637F01712AA4A00EA1888 /* FLMapEditor */ = {
			isa = PBXGroup;
			children = (
				2E37E6151717B4B50033982C /* CoreDataModel */,
				2E7C07E81713ABD6004BA8A0 /* Additions */,
				2E4638131712C18500EA1888 /* MapEditor */,
				2E37E6031717A6C60033982C /* TopographyTileSetEditor */,
				2E37E6091717A86E0033982C /* FLObjectTileSetEditor */,
				2E37E5D71717A0510033982C /* AppDelegate.h */,
				2E37E5D81717A0510033982C /* AppDelegate.m */,
				2E4638021712AA4A00EA1888 /* MainMenu.xib */,
				2E4637F11712AA4A00EA1888 /* Supporting Files */,
			);
			path = FLMapEditor;
			sourceTree = "<group>";
		};
		2E4637F11712AA4A00EA1888 /* Supporting Files */ = {
			isa = PBXGroup;
			children = (
				2E4637F21712AA4A00EA1888 /* FLMapEditor-Info.plist */,
				2E4637F31712AA4A00EA1888 /* InfoPlist.strings */,
				2E4637F61712AA4A00EA1888 /* main.m */,
				2E4637F81712AA4A00EA1888 /* FLMapEditor-Prefix.pch */,
				2E4637F91712AA4A00EA1888 /* Credits.rtf */,
			);
			name = "Supporting Files";
			sourceTree = "<group>";
		};
		2E4638131712C18500EA1888 /* MapEditor */ = {
			isa = PBXGroup;
			children = (
				2E7C07F01713B509004BA8A0 /* FLUtils.h */,
				2E7C07F11713B509004BA8A0 /* FLUtils.m */,
				2EFB43C217165E0700CC376E /* Model */,
				2E7C07EC1713B2DC004BA8A0 /* Views */,
				2E4637FC1712AA4A00EA1888 /* FLDocument.h */,
				2E4637FD1712AA4A00EA1888 /* FLDocument.m */,
				2E4637FF1712AA4A00EA1888 /* FLDocument.xib */,
			);
			name = MapEditor;
			sourceTree = "<group>";
		};
		2E7C07E81713ABD6004BA8A0 /* Additions */ = {
			isa = PBXGroup;
			children = (
				2E7C07E91713ABFB004BA8A0 /* NSTextField+Additions.h */,
				2E7C07EA1713ABFB004BA8A0 /* NSTextField+Additions.m */,
				2EFB43CC1716A65500CC376E /* NSScrollView+Additions.h */,
				2EFB43CD1716A65500CC376E /* NSScrollView+Additions.m */,
				2EFB43CF1716A77A00CC376E /* NSDictionary+JSONAddition.h */,
				2EFB43D01716A77A00CC376E /* NSDictionary+JSONAddition.m */,
			);
			name = Additions;
			sourceTree = "<group>";
		};
		2E7C07EC1713B2DC004BA8A0 /* Views */ = {
			isa = PBXGroup;
			children = (
				2E4638101712C17B00EA1888 /* FLMapView.h */,
				2E4638111712C17B00EA1888 /* FLMapView.m */,
				2E7C07ED1713B300004BA8A0 /* FLMapGridView.h */,
				2E7C07EE1713B300004BA8A0 /* FLMapGridView.m */,
				2E7C082A17154F66004BA8A0 /* FLMapLayerItem.h */,
				2E7C082B17154F66004BA8A0 /* FLMapLayerItem.m */,
				2E7C082C17154F66004BA8A0 /* FLMapLayerItem.xib */,
			);
			name = Views;
			sourceTree = "<group>";
		};
		2EFB43C217165E0700CC376E /* Model */ = {
			isa = PBXGroup;
			children = (
				2E46380A1712B49100EA1888 /* FLMap.h */,
				2E46380B1712B49100EA1888 /* FLMap.m */,
				2E46380D1712BCA200EA1888 /* FLMapLayer.h */,
				2E46380E1712BCA200EA1888 /* FLMapLayer.m */,
				2EFB43D51716C16600CC376E /* FLSpriteSet.h */,
				2EFB43D61716C16600CC376E /* FLSpriteSet.m */,
				2EFB43BF17165D5800CC376E /* FLTileSet.h */,
				2EFB43C017165D5800CC376E /* FLTileSet.m */,
				2EFB43D21716C13B00CC376E /* FLObjectSet.h */,
				2EFB43D31716C13B00CC376E /* FLObjectSet.m */,
			);
			name = Model;
			sourceTree = "<group>";
		};
/* End PBXGroup section */

/* Begin PBXNativeTarget section */
		2E4637E61712AA4A00EA1888 /* FLMapEditor */ = {
			isa = PBXNativeTarget;
			buildConfigurationList = 2E4638071712AA4A00EA1888 /* Build configuration list for PBXNativeTarget "FLMapEditor" */;
			buildPhases = (
				2E4637E31712AA4A00EA1888 /* Sources */,
				2E4637E41712AA4A00EA1888 /* Frameworks */,
				2E4637E51712AA4A00EA1888 /* Resources */,
			);
			buildRules = (
			);
			dependencies = (
			);
			name = FLMapEditor;
			productName = FLMapEditor;
			productReference = 2E4637E71712AA4A00EA1888 /* FLMapEditor.app */;
			productType = "com.apple.product-type.application";
		};
/* End PBXNativeTarget section */

/* Begin PBXProject section */
		2E4637DF1712AA4A00EA1888 /* Project object */ = {
			isa = PBXProject;
			attributes = {
				CLASSPREFIX = FL;
				LastUpgradeCheck = 0460;
				ORGANIZATIONNAME = cgkim;
			};
			buildConfigurationList = 2E4637E21712AA4A00EA1888 /* Build configuration list for PBXProject "FLMapEditor" */;
			compatibilityVersion = "Xcode 3.2";
			developmentRegion = English;
			hasScannedForEncodings = 0;
			knownRegions = (
				en,
			);
			mainGroup = 2E4637DE1712AA4A00EA1888;
			productRefGroup = 2E4637E81712AA4A00EA1888 /* Products */;
			projectDirPath = "";
			projectRoot = "";
			targets = (
				2E4637E61712AA4A00EA1888 /* FLMapEditor */,
			);
		};
/* End PBXProject section */

/* Begin PBXResourcesBuildPhase section */
		2E4637E51712AA4A00EA1888 /* Resources */ = {
			isa = PBXResourcesBuildPhase;
			buildActionMask = 2147483647;
			files = (
				2E4637F51712AA4A00EA1888 /* InfoPlist.strings in Resources */,
				2E4637FB1712AA4A00EA1888 /* Credits.rtf in Resources */,
				2E4638011712AA4A00EA1888 /* FLDocument.xib in Resources */,
				2E4638041712AA4A00EA1888 /* MainMenu.xib in Resources */,
				2E7C082E17154F66004BA8A0 /* FLMapLayerItem.xib in Resources */,
				2E37E6081717A71A0033982C /* FLTerrianTileSetEditor.xib in Resources */,
				2E37E60E1717A89A0033982C /* FLObjectTileSetEditor.xib in Resources */,
				2EA26B7D171BEC15001E9584 /* FLTerrianTilePropertyEditor.xib in Resources */,
				2EA26B85171CE700001E9584 /* FLTerrianTileItem.xib in Resources */,
			);
			runOnlyForDeploymentPostprocessing = 0;
		};
/* End PBXResourcesBuildPhase section */

/* Begin PBXSourcesBuildPhase section */
		2E4637E31712AA4A00EA1888 /* Sources */ = {
			isa = PBXSourcesBuildPhase;
			buildActionMask = 2147483647;
			files = (
				2E4637F71712AA4A00EA1888 /* main.m in Sources */,
				2E4637FE1712AA4A00EA1888 /* FLDocument.m in Sources */,
				2E46380C1712B49100EA1888 /* FLMap.m in Sources */,
				2E46380F1712BCA300EA1888 /* FLMapLayer.m in Sources */,
				2E4638121712C17B00EA1888 /* FLMapView.m in Sources */,
				2E7C07EB1713ABFB004BA8A0 /* NSTextField+Additions.m in Sources */,
				2E7C07EF1713B300004BA8A0 /* FLMapGridView.m in Sources */,
				2E7C07F21713B509004BA8A0 /* FLUtils.m in Sources */,
				2E7C082D17154F66004BA8A0 /* FLMapLayerItem.m in Sources */,
				2EFB43C117165D5800CC376E /* FLTileSet.m in Sources */,
				2EFB43CE1716A65500CC376E /* NSScrollView+Additions.m in Sources */,
				2EFB43D11716A77A00CC376E /* NSDictionary+JSONAddition.m in Sources */,
				2EFB43D41716C13B00CC376E /* FLObjectSet.m in Sources */,
				2EFB43D71716C16600CC376E /* FLSpriteSet.m in Sources */,
				2E37E5D91717A0510033982C /* AppDelegate.m in Sources */,
				2E37E6071717A71A0033982C /* FLTerrianTileSetEditor.m in Sources */,
				2E37E60D1717A89A0033982C /* FLObjectTileSetEditor.m in Sources */,
				2E37E6111717B1560033982C /* FLTerrainTile.m in Sources */,
				2E37E6141717B3EC0033982C /* FLTerrianTileSet.m in Sources */,
				2E37E6181717B4E50033982C /* FLTerrianTileSetModel.xcdatamodeld in Sources */,
				2EA26B7C171BEC15001E9584 /* FLTerrianTilePropertyEditor.m in Sources */,
				2EA26B84171CE700001E9584 /* FLTerrianTileItem.m in Sources */,
			);
			runOnlyForDeploymentPostprocessing = 0;
		};
/* End PBXSourcesBuildPhase section */

/* Begin PBXVariantGroup section */
		2E4637F31712AA4A00EA1888 /* InfoPlist.strings */ = {
			isa = PBXVariantGroup;
			children = (
				2E4637F41712AA4A00EA1888 /* en */,
			);
			name = InfoPlist.strings;
			sourceTree = "<group>";
		};
		2E4637F91712AA4A00EA1888 /* Credits.rtf */ = {
			isa = PBXVariantGroup;
			children = (
				2E4637FA1712AA4A00EA1888 /* en */,
			);
			name = Credits.rtf;
			sourceTree = "<group>";
		};
		2E4637FF1712AA4A00EA1888 /* FLDocument.xib */ = {
			isa = PBXVariantGroup;
			children = (
				2E4638001712AA4A00EA1888 /* en */,
			);
			name = FLDocument.xib;
			sourceTree = "<group>";
		};
		2E4638021712AA4A00EA1888 /* MainMenu.xib */ = {
			isa = PBXVariantGroup;
			children = (
				2E4638031712AA4A00EA1888 /* en */,
			);
			name = MainMenu.xib;
			sourceTree = "<group>";
		};
/* End PBXVariantGroup section */

/* Begin XCBuildConfiguration section */
		2E4638051712AA4A00EA1888 /* Debug */ = {
			isa = XCBuildConfiguration;
			buildSettings = {
				ALWAYS_SEARCH_USER_PATHS = NO;
				ARCHS = "$(ARCHS_STANDARD_64_BIT)";
				CLANG_CXX_LANGUAGE_STANDARD = "gnu++0x";
				CLANG_CXX_LIBRARY = "libc++";
				CLANG_WARN_CONSTANT_CONVERSION = YES;
				CLANG_WARN_EMPTY_BODY = YES;
				CLANG_WARN_ENUM_CONVERSION = YES;
				CLANG_WARN_INT_CONVERSION = YES;
				CLANG_WARN__DUPLICATE_METHOD_MATCH = YES;
				COPY_PHASE_STRIP = NO;
				GCC_C_LANGUAGE_STANDARD = gnu99;
				GCC_DYNAMIC_NO_PIC = NO;
				GCC_ENABLE_OBJC_EXCEPTIONS = YES;
				GCC_OPTIMIZATION_LEVEL = 0;
				GCC_PREPROCESSOR_DEFINITIONS = (
					"DEBUG=1",
					"$(inherited)",
				);
				GCC_SYMBOLS_PRIVATE_EXTERN = NO;
				GCC_WARN_64_TO_32_BIT_CONVERSION = YES;
				GCC_WARN_ABOUT_RETURN_TYPE = YES;
				GCC_WARN_UNINITIALIZED_AUTOS = YES;
				GCC_WARN_UNUSED_VARIABLE = YES;
				MACOSX_DEPLOYMENT_TARGET = 10.8;
				ONLY_ACTIVE_ARCH = YES;
				SDKROOT = macosx;
			};
			name = Debug;
		};
		2E4638061712AA4A00EA1888 /* Release */ = {
			isa = XCBuildConfiguration;
			buildSettings = {
				ALWAYS_SEARCH_USER_PATHS = NO;
				ARCHS = "$(ARCHS_STANDARD_64_BIT)";
				CLANG_CXX_LANGUAGE_STANDARD = "gnu++0x";
				CLANG_CXX_LIBRARY = "libc++";
				CLANG_WARN_CONSTANT_CONVERSION = YES;
				CLANG_WARN_EMPTY_BODY = YES;
				CLANG_WARN_ENUM_CONVERSION = YES;
				CLANG_WARN_INT_CONVERSION = YES;
				CLANG_WARN__DUPLICATE_METHOD_MATCH = YES;
				COPY_PHASE_STRIP = YES;
				DEBUG_INFORMATION_FORMAT = "dwarf-with-dsym";
				GCC_C_LANGUAGE_STANDARD = gnu99;
				GCC_ENABLE_OBJC_EXCEPTIONS = YES;
				GCC_WARN_64_TO_32_BIT_CONVERSION = YES;
				GCC_WARN_ABOUT_RETURN_TYPE = YES;
				GCC_WARN_UNINITIALIZED_AUTOS = YES;
				GCC_WARN_UNUSED_VARIABLE = YES;
				MACOSX_DEPLOYMENT_TARGET = 10.8;
				SDKROOT = macosx;
			};
			name = Release;
		};
		2E4638081712AA4A00EA1888 /* Debug */ = {
			isa = XCBuildConfiguration;
			buildSettings = {
				COMBINE_HIDPI_IMAGES = YES;
				GCC_PRECOMPILE_PREFIX_HEADER = YES;
				GCC_PREFIX_HEADER = "FLMapEditor/FLMapEditor-Prefix.pch";
				INFOPLIST_FILE = "FLMapEditor/FLMapEditor-Info.plist";
				PRODUCT_NAME = "$(TARGET_NAME)";
				WRAPPER_EXTENSION = app;
			};
			name = Debug;
		};
		2E4638091712AA4A00EA1888 /* Release */ = {
			isa = XCBuildConfiguration;
			buildSettings = {
				COMBINE_HIDPI_IMAGES = YES;
				GCC_PRECOMPILE_PREFIX_HEADER = YES;
				GCC_PREFIX_HEADER = "FLMapEditor/FLMapEditor-Prefix.pch";
				INFOPLIST_FILE = "FLMapEditor/FLMapEditor-Info.plist";
				PRODUCT_NAME = "$(TARGET_NAME)";
				WRAPPER_EXTENSION = app;
			};
			name = Release;
		};
/* End XCBuildConfiguration section */

/* Begin XCConfigurationList section */
		2E4637E21712AA4A00EA1888 /* Build configuration list for PBXProject "FLMapEditor" */ = {
			isa = XCConfigurationList;
			buildConfigurations = (
				2E4638051712AA4A00EA1888 /* Debug */,
				2E4638061712AA4A00EA1888 /* Release */,
			);
			defaultConfigurationIsVisible = 0;
			defaultConfigurationName = Release;
		};
		2E4638071712AA4A00EA1888 /* Build configuration list for PBXNativeTarget "FLMapEditor" */ = {
			isa = XCConfigurationList;
			buildConfigurations = (
				2E4638081712AA4A00EA1888 /* Debug */,
				2E4638091712AA4A00EA1888 /* Release */,
			);
			defaultConfigurationIsVisible = 0;
			defaultConfigurationName = Release;
		};
/* End XCConfigurationList section */

/* Begin XCVersionGroup section */
		2E37E6161717B4E50033982C /* FLTerrianTileSetModel.xcdatamodeld */ = {
			isa = XCVersionGroup;
			children = (
				2E37E6171717B4E50033982C /* FLTerrianTileSetModel.xcdatamodel */,
			);
			currentVersion = 2E37E6171717B4E50033982C /* FLTerrianTileSetModel.xcdatamodel */;
			path = FLTerrianTileSetModel.xcdatamodeld;
			sourceTree = "<group>";
			versionGroupType = wrapper.xcdatamodel;
		};
/* End XCVersionGroup section */
	};
	rootObject = 2E4637DF1712AA4A00EA1888 /* Project object */;
}
